{
  "name": "Team6_OnlineTutoringApplication",
  "lockfileVersion": 3,
  "requires": true,
  "packages": {
    "": {
      "dependencies": {
        "email-js": "^2.0.2",
        "emailjs-com": "^3.2.0"
      }
    },
    "node_modules/email-js": {
      "version": "2.0.2",
      "resolved": "https://registry.npmjs.org/email-js/-/email-js-2.0.2.tgz",
      "integrity": "sha512-ElfOy+BMZbQuivo8Qp+A2Gz6N06ZUHEk+q67O0zgTRU5d+n2rvbfX0w2jyo7B/F+zPJAXq/J1SHaG9ghbhWAPQ==",
      "engines": {
        "node": ">=v4.2.1"
      }
    },
    "node_modules/emailjs-com": {
      "version": "3.2.0",
      "resolved": "https://registry.npmjs.org/emailjs-com/-/emailjs-com-3.2.0.tgz",
      "integrity": "sha512-Prbz3E1usiAwGjMNYRv6EsJ5c373cX7/AGnZQwOfrpNJrygQJ15+E9OOq4pU8yC977Z5xMetRfc3WmDX6RcjAA==",
      "deprecated": "The SDK name changed to @emailjs/browser",
      "engines": {
        "node": ">=12.0.0"
      }
    }
  }
}
